
Microsoft Visual Studio Solution File, Format Version 12.00
# Visual Studio Version 17
VisualStudioVersion = 17.5.002.0
MinimumVisualStudioVersion = 10.0.40219.1
Project("{9A19103F-16F7-4668-BE54-9A1E7A4F7556}") = "Digitalkirana", "Digitalkirana\Digitalkirana.csproj", "{BFFAE936-1DEC-492F-AB74-0D75526F3689}"
EndProject
Global
	GlobalSection(SolutionConfigurationPlatforms) = preSolution
		Debug|Any CPU = Debug|Any CPU
		Release|Any CPU = Release|Any CPU
	EndGlobalSection
	GlobalSection(ProjectConfigurationPlatforms) = postSolution
		{BFFAE936-1DEC-492F-AB74-0D75526F3689}.Debug|Any CPU.ActiveCfg = Debug|Any CPU
		{BFFAE936-1DEC-492F-AB74-0D75526F3689}.Debug|Any CPU.Build.0 = Debug|Any CPU
		{BFFAE936-1DEC-492F-AB74-0D75526F3689}.Release|Any CPU.ActiveCfg = Release|Any CPU
		{BFFAE936-1DEC-492F-AB74-0D75526F3689}.Release|Any CPU.Build.0 = Release|Any CPU
	EndGlobalSection
	GlobalSection(SolutionProperties) = preSolution
		HideSolutionNode = FALSE
	EndGlobalSection
	GlobalSection(ExtensibilityGlobals) = postSolution
		SolutionGuid = {9440DECF-277C-47A0-9D26-64D55D451CF3}
	EndGlobalSection
EndGlobal
